// !$*UTF8*$!
{
	archiveVersion = 1;
	classes = {
	};
	objectVersion = 50;
	objects = {

/* Begin PBXBuildFile section */
		828BF61E2228F83E00E67EE1 /* preference.h in Headers */ = {isa = PBXBuildFile; fileRef = 828BF61D2228F83E00E67EE1 /* preference.h */; };
		828BF6202228F83E00E67EE1 /* preference.m in Sources */ = {isa = PBXBuildFile; fileRef = 828BF61F2228F83E00E67EE1 /* preference.m */; };
		828BF6222228F83E00E67EE1 /* preference.tiff in Resources */ = {isa = PBXBuildFile; fileRef = 828BF6212228F83E00E67EE1 /* preference.tiff */; };
		828BF6252228F83E00E67EE1 /* preference.xib in Resources */ = {isa = PBXBuildFile; fileRef = 828BF6232228F83E00E67EE1 /* preference.xib */; };
		828BF62D2228F9DE00E67EE1 /* shi.jpg in Resources */ = {isa = PBXBuildFile; fileRef = 828BF62C2228F9DE00E67EE1 /* shi.jpg */; };
/* End PBXBuildFile section */

/* Begin PBXFileReference section */
		828BF61A2228F83E00E67EE1 /* preference.prefPane */ = {isa = PBXFileReference; explicitFileType = wrapper.cfbundle; includeInIndex = 0; path = preference.prefPane; sourceTree = BUILT_PRODUCTS_DIR; };
		828BF61D2228F83E00E67EE1 /* preference.h */ = {isa = PBXFileReference; lastKnownFileType = sourcecode.c.h; path = preference.h; sourceTree = "<group>"; };
		828BF61F2228F83E00E67EE1 /* preference.m */ = {isa = PBXFileReference; lastKnownFileType = sourcecode.c.objc; path = preference.m; sourceTree = "<group>"; };
		828BF6212228F83E00E67EE1 /* preference.tiff */ = {isa = PBXFileReference; lastKnownFileType = image.tiff; path = preference.tiff; sourceTree = "<group>"; };
		828BF6242228F83E00E67EE1 /* Base */ = {isa = PBXFileReference; lastKnownFileType = file.xib; name = Base; path = Base.lproj/preference.xib; sourceTree = "<group>"; };
		828BF6262228F83E00E67EE1 /* Info.plist */ = {isa = PBXFileReference; lastKnownFileType = text.plist.xml; path = Info.plist; sourceTree = "<group>"; };
		828BF62C2228F9DE00E67EE1 /* shi.jpg */ = {isa = PBXFileReference; lastKnownFileType = image.jpeg; path = shi.jpg; sourceTree = "<group>"; };
/* End PBXFileReference section */

/* Begin PBXFrameworksBuildPhase section */
		828BF6172228F83E00E67EE1 /* Frameworks */ = {
			isa = PBXFrameworksBuildPhase;
			buildActionMask = 2147483647;
			files = (
			);
			runOnlyForDeploymentPostprocessing = 0;
		};
/* End PBXFrameworksBuildPhase section */

/* Begin PBXGroup section */
		828BF6102228F83E00E67EE1 = {
			isa = PBXGroup;
			children = (
				828BF61C2228F83E00E67EE1 /* preference */,
				828BF61B2228F83E00E67EE1 /* Products */,
			);
			sourceTree = "<group>";
		};
		828BF61B2228F83E00E67EE1 /* Products */ = {
			isa = PBXGroup;
			children = (
				828BF61A2228F83E00E67EE1 /* preference.prefPane */,
			);
			name = Products;
			sourceTree = "<group>";
		};
		828BF61C2228F83E00E67EE1 /* preference */ = {
			isa = PBXGroup;
			children = (
				828BF61D2228F83E00E67EE1 /* preference.h */,
				828BF61F2228F83E00E67EE1 /* preference.m */,
				828BF6212228F83E00E67EE1 /* preference.tiff */,
				828BF6232228F83E00E67EE1 /* preference.xib */,
				828BF62C2228F9DE00E67EE1 /* shi.jpg */,
				828BF6262228F83E00E67EE1 /* Info.plist */,
			);
			path = preference;
			sourceTree = "<group>";
		};
/* End PBXGroup section */

/* Begin PBXHeadersBuildPhase section */
		828BF6152228F83E00E67EE1 /* Headers */ = {
			isa = PBXHeadersBuildPhase;
			buildActionMask = 2147483647;
			files = (
				828BF61E2228F83E00E67EE1 /* preference.h in Headers */,
			);
			runOnlyForDeploymentPostprocessing = 0;
		};
/* End PBXHeadersBuildPhase section */

/* Begin PBXNativeTarget section */
		828BF6192228F83E00E67EE1 /* preference */ = {
			isa = PBXNativeTarget;
			buildConfigurationList = 828BF6292228F83E00E67EE1 /* Build configuration list for PBXNativeTarget "preference" */;
			buildPhases = (
				828BF6152228F83E00E67EE1 /* Headers */,
				828BF6162228F83E00E67EE1 /* Sources */,
				828BF6172228F83E00E67EE1 /* Frameworks */,
				828BF6182228F83E00E67EE1 /* Resources */,
			);
			buildRules = (
			);
			dependencies = (
			);
			name = preference;
			productName = preference;
			productReference = 828BF61A2228F83E00E67EE1 /* preference.prefPane */;
			productType = "com.apple.product-type.bundle";
		};
/* End PBXNativeTarget section */

/* Begin PBXProject section */
		828BF6112228F83E00E67EE1 /* Project object */ = {
			isa = PBXProject;
			attributes = {
				LastUpgradeCheck = 1010;
				ORGANIZATIONNAME = ludy;
				TargetAttributes = {
					828BF6192228F83E00E67EE1 = {
						CreatedOnToolsVersion = 10.1;
					};
				};
			};
			buildConfigurationList = 828BF6142228F83E00E67EE1 /* Build configuration list for PBXProject "preference" */;
			compatibilityVersion = "Xcode 9.3";
			developmentRegion = en;
			hasScannedForEncodings = 0;
			knownRegions = (
				en,
				Base,
			);
			mainGroup = 828BF6102228F83E00E67EE1;
			productRefGroup = 828BF61B2228F83E00E67EE1 /* Products */;
			projectDirPath = "";
			projectRoot = "";
			targets = (
				828BF6192228F83E00E67EE1 /* preference */,
			);
		};
/* End PBXProject section */

/* Begin PBXResourcesBuildPhase section */
		828BF6182228F83E00E67EE1 /* Resources */ = {
			isa = PBXResourcesBuildPhase;
			buildActionMask = 2147483647;
			files = (
				828BF62D2228F9DE00E67EE1 /* shi.jpg in Resources */,
				828BF6252228F83E00E67EE1 /* preference.xib in Resources */,
				828BF6222228F83E00E67EE1 /* preference.tiff in Resources */,
			);
			runOnlyForDeploymentPostprocessing = 0;
		};
/* End PBXResourcesBuildPhase section */

/* Begin PBXSourcesBuildPhase section */
		828BF6162228F83E00E67EE1 /* Sources */ = {
			isa = PBXSourcesBuildPhase;
			buildActionMask = 2147483647;
			files = (
				828BF6202228F83E00E67EE1 /* preference.m in Sources */,
			);
			runOnlyForDeploymentPostprocessing = 0;
		};
/* End PBXSourcesBuildPhase section */

/* Begin PBXVariantGroup section */
		828BF6232228F83E00E67EE1 /* preference.xib */ = {
			isa = PBXVariantGroup;
			children = (
				828BF6242228F83E00E67EE1 /* Base */,
			);
			name = preference.xib;
			sourceTree = "<group>";
		};
/* End PBXVariantGroup section */

/* Begin XCBuildConfiguration section */
		828BF6272228F83E00E67EE1 /* Debug */ = {
			isa = XCBuildConfiguration;
			buildSettings = {
				ALWAYS_SEARCH_USER_PATHS = NO;
				CLANG_ANALYZER_NONNULL = YES;
				CLANG_ANALYZER_NUMBER_OBJECT_CONVERSION = YES_AGGRESSIVE;
				CLANG_CXX_LANGUAGE_STANDARD = "gnu++14";
				CLANG_CXX_LIBRARY = "libc++";
				CLANG_ENABLE_MODULES = YES;
				CLANG_ENABLE_OBJC_ARC = YES;
				CLANG_ENABLE_OBJC_WEAK = YES;
				CLANG_WARN_BLOCK_CAPTURE_AUTORELEASING = YES;
				CLANG_WARN_BOOL_CONVERSION = YES;
				CLANG_WARN_COMMA = YES;
				CLANG_WARN_CONSTANT_CONVERSION = YES;
				CLANG_WARN_DEPRECATED_OBJC_IMPLEMENTATIONS = YES;
				CLANG_WARN_DIRECT_OBJC_ISA_USAGE = YES_ERROR;
				CLANG_WARN_DOCUMENTATION_COMMENTS = YES;
				CLANG_WARN_EMPTY_BODY = YES;
				CLANG_WARN_ENUM_CONVERSION = YES;
				CLANG_WARN_INFINITE_RECURSION = YES;
				CLANG_WARN_INT_CONVERSION = YES;
				CLANG_WARN_NON_LITERAL_NULL_CONVERSION = YES;
				CLANG_WARN_OBJC_IMPLICIT_RETAIN_SELF = YES;
				CLANG_WARN_OBJC_LITERAL_CONVERSION = YES;
				CLANG_WARN_OBJC_ROOT_CLASS = YES_ERROR;
				CLANG_WARN_RANGE_LOOP_ANALYSIS = YES;
				CLANG_WARN_STRICT_PROTOTYPES = YES;
				CLANG_WARN_SUSPICIOUS_MOVE = YES;
				CLANG_WARN_UNGUARDED_AVAILABILITY = YES_AGGRESSIVE;
				CLANG_WARN_UNREACHABLE_CODE = YES;
				CLANG_WARN__DUPLICATE_METHOD_MATCH = YES;
				CODE_SIGN_IDENTITY = "Mac Developer";
				COPY_PHASE_STRIP = NO;
				DEBUG_INFORMATION_FORMAT = dwarf;
				ENABLE_STRICT_OBJC_MSGSEND = YES;
				ENABLE_TESTABILITY = YES;
				GCC_C_LANGUAGE_STANDARD = gnu11;
				GCC_DYNAMIC_NO_PIC = NO;
				GCC_NO_COMMON_BLOCKS = YES;
				GCC_OPTIMIZATION_LEVEL = 0;
				GCC_PREPROCESSOR_DEFINITIONS = (
					"DEBUG=1",
					"$(inherited)",
				);
				GCC_WARN_64_TO_32_BIT_CONVERSION = YES;
				GCC_WARN_ABOUT_RETURN_TYPE = YES_ERROR;
				GCC_WARN_UNDECLARED_SELECTOR = YES;
				GCC_WARN_UNINITIALIZED_AUTOS = YES_AGGRESSIVE;
				GCC_WARN_UNUSED_FUNCTION = YES;
				GCC_WARN_UNUSED_VARIABLE = YES;
				MACOSX_DEPLOYMENT_TARGET = 10.14;
				MTL_ENABLE_DEBUG_INFO = INCLUDE_SOURCE;
				MTL_FAST_MATH = YES;
				ONLY_ACTIVE_ARCH = YES;
				SDKROOT = macosx;
			};
			name = Debug;
		};
		828BF6282228F83E00E67EE1 /* Release */ = {
			isa = XCBuildConfiguration;
			buildSettings = {
				ALWAYS_SEARCH_USER_PATHS = NO;
				CLANG_ANALYZER_NONNULL = YES;
				CLANG_ANALYZER_NUMBER_OBJECT_CONVERSION = YES_AGGRESSIVE;
				CLANG_CXX_LANGUAGE_STANDARD = "gnu++14";
				CLANG_CXX_LIBRARY = "libc++";
				CLANG_ENABLE_MODULES = YES;
				CLANG_ENABLE_OBJC_ARC = YES;
				CLANG_ENABLE_OBJC_WEAK = YES;
				CLANG_WARN_BLOCK_CAPTURE_AUTORELEASING = YES;
				CLANG_WARN_BOOL_CONVERSION = YES;
				CLANG_WARN_COMMA = YES;
				CLANG_WARN_CONSTANT_CONVERSION = YES;
				CLANG_WARN_DEPRECATED_OBJC_IMPLEMENTATIONS = YES;
				CLANG_WARN_DIRECT_OBJC_ISA_USAGE = YES_ERROR;
				CLANG_WARN_DOCUMENTATION_COMMENTS = YES;
				CLANG_WARN_EMPTY_BODY = YES;
				CLANG_WARN_ENUM_CONVERSION = YES;
				CLANG_WARN_INFINITE_RECURSION = YES;
				CLANG_WARN_INT_CONVERSION = YES;
				CLANG_WARN_NON_LITERAL_NULL_CONVERSION = YES;
				CLANG_WARN_OBJC_IMPLICIT_RETAIN_SELF = YES;
				CLANG_WARN_OBJC_LITERAL_CONVERSION = YES;
				CLANG_WARN_OBJC_ROOT_CLASS = YES_ERROR;
				CLANG_WARN_RANGE_LOOP_ANALYSIS = YES;
				CLANG_WARN_STRICT_PROTOTYPES = YES;
				CLANG_WARN_SUSPICIOUS_MOVE = YES;
				CLANG_WARN_UNGUARDED_AVAILABILITY = YES_AGGRESSIVE;
				CLANG_WARN_UNREACHABLE_CODE = YES;
				CLANG_WARN__DUPLICATE_METHOD_MATCH = YES;
				CODE_SIGN_IDENTITY = "Mac Developer";
				COPY_PHASE_STRIP = NO;
				DEBUG_INFORMATION_FORMAT = "dwarf-with-dsym";
				ENABLE_NS_ASSERTIONS = NO;
				ENABLE_STRICT_OBJC_MSGSEND = YES;
				GCC_C_LANGUAGE_STANDARD = gnu11;
				GCC_NO_COMMON_BLOCKS = YES;
				GCC_WARN_64_TO_32_BIT_CONVERSION = YES;
				GCC_WARN_ABOUT_RETURN_TYPE = YES_ERROR;
				GCC_WARN_UNDECLARED_SELECTOR = YES;
				GCC_WARN_UNINITIALIZED_AUTOS = YES_AGGRESSIVE;
				GCC_WARN_UNUSED_FUNCTION = YES;
				GCC_WARN_UNUSED_VARIABLE = YES;
				MACOSX_DEPLOYMENT_TARGET = 10.14;
				MTL_ENABLE_DEBUG_INFO = NO;
				MTL_FAST_MATH = YES;
				SDKROOT = macosx;
			};
			name = Release;
		};
		828BF62A2228F83E00E67EE1 /* Debug */ = {
			isa = XCBuildConfiguration;
			buildSettings = {
				CODE_SIGN_STYLE = Automatic;
				COMBINE_HIDPI_IMAGES = YES;
				DEVELOPMENT_TEAM = Z5746XC6B4;
				INFOPLIST_FILE = preference/Info.plist;
				INSTALL_PATH = "$(HOME)/Library/PreferencePanes";
				PRODUCT_BUNDLE_IDENTIFIER = com.mason.preference;
				PRODUCT_NAME = "$(TARGET_NAME)";
				WRAPPER_EXTENSION = prefPane;
			};
			name = Debug;
		};
		828BF62B2228F83E00E67EE1 /* Release */ = {
			isa = XCBuildConfiguration;
			buildSettings = {
				CODE_SIGN_STYLE = Automatic;
				COMBINE_HIDPI_IMAGES = YES;
				DEVELOPMENT_TEAM = Z5746XC6B4;
				INFOPLIST_FILE = preference/Info.plist;
				INSTALL_PATH = "$(HOME)/Library/PreferencePanes";
				PRODUCT_BUNDLE_IDENTIFIER = com.mason.preference;
				PRODUCT_NAME = "$(TARGET_NAME)";
				WRAPPER_EXTENSION = prefPane;
			};
			name = Release;
		};
/* End XCBuildConfiguration section */

/* Begin XCConfigurationList section */
		828BF6142228F83E00E67EE1 /* Build configuration list for PBXProject "preference" */ = {
			isa = XCConfigurationList;
			buildConfigurations = (
				828BF6272228F83E00E67EE1 /* Debug */,
				828BF6282228F83E00E67EE1 /* Release */,
			);
			defaultConfigurationIsVisible = 0;
			defaultConfigurationName = Release;
		};
		828BF6292228F83E00E67EE1 /* Build configuration list for PBXNativeTarget "preference" */ = {
			isa = XCConfigurationList;
			buildConfigurations = (
				828BF62A2228F83E00E67EE1 /* Debug */,
				828BF62B2228F83E00E67EE1 /* Release */,
			);
			defaultConfigurationIsVisible = 0;
			defaultConfigurationName = Release;
		};
/* End XCConfigurationList section */
	};
	rootObject = 828BF6112228F83E00E67EE1 /* Project object */;
}
